
Microsoft Visual Studio Solution File, Format Version 12.00
# Visual Studio Version 17
VisualStudioVersion = 17.5.33516.290
MinimumVisualStudioVersion = 10.0.40219.1
Project("{8BC9CEB8-8B4A-11D0-8D11-00A0C91BC942}") = "Question7", "Question7.vcxproj", "{F43DFF88-F96A-431C-A3C4-42B2D9E35B84}"
EndProject
Global
	GlobalSection(SolutionConfigurationPlatforms) = preSolution
		Debug|x64 = Debug|x64
		Debug|x86 = Debug|x86
		Release|x64 = Release|x64
		Release|x86 = Release|x86
	EndGlobalSection
	GlobalSection(ProjectConfigurationPlatforms) = postSolution
		{F43DFF88-F96A-431C-A3C4-42B2D9E35B84}.Debug|x64.ActiveCfg = Debug|x64
		{F43DFF88-F96A-431C-A3C4-42B2D9E35B84}.Debug|x64.Build.0 = Debug|x64
		{F43DFF88-F96A-431C-A3C4-42B2D9E35B84}.Debug|x86.ActiveCfg = Debug|Win32
		{F43DFF88-F96A-431C-A3C4-42B2D9E35B84}.Debug|x86.Build.0 = Debug|Win32
		{F43DFF88-F96A-431C-A3C4-42B2D9E35B84}.Release|x64.ActiveCfg = Release|x64
		{F43DFF88-F96A-431C-A3C4-42B2D9E35B84}.Release|x64.Build.0 = Release|x64
		{F43DFF88-F96A-431C-A3C4-42B2D9E35B84}.Release|x86.ActiveCfg = Release|Win32
		{F43DFF88-F96A-431C-A3C4-42B2D9E35B84}.Release|x86.Build.0 = Release|Win32
	EndGlobalSection
	GlobalSection(SolutionProperties) = preSolution
		HideSolutionNode = FALSE
	EndGlobalSection
	GlobalSection(ExtensibilityGlobals) = postSolution
		SolutionGuid = {BCF212ED-1BD4-4AFB-B503-4F9D436F5677}
	EndGlobalSection
EndGlobal
